<?xml version="1.0" encoding="utf-8"?>
<Project ToolsVersion="4.0" xmlns="http://schemas.microsoft.com/developer/msbuild/2003">
  <ItemGroup>
    <Filter Include="Common">
      <UniqueIdentifier>ecb3e17f-8a71-4e5f-a686-3e3c72756ecc</UniqueIdentifier>
    </Filter>
    <Filter Include="Assets">
      <UniqueIdentifier>878a02cf-020f-41bd-a5ae-52641288eda0</UniqueIdentifier>
      <Extensions>ico;cur;bmp;dds;dlg;fbx;rct;bin;rgs;gif;jpg;jpeg;jpe;resx;tga;tiff;tif;png;wav;mfcribbon-ms</Extensions>
    </Filter>
  </ItemGroup>
  <ItemGroup>
    <ClInclude Include="Source\pch.h" />
    <ClInclude Include="Source\Game.h" />
    <ClInclude Include="Source\StepTimer.h">
      <Filter>Common</Filter>
    </ClInclude>
    <ClInclude Include="Source\DeviceResources.h">
      <Filter>Common</Filter>
    </ClInclude>
    <ClInclude Include="Source\DebugDraw.h" />
    <ClInclude Include="Source\ReadData.h" />
    <ClInclude Include="Source\RenderTexture.h" />
    <ClInclude Include="Source\SkyboxEffect.h" />
    <ClInclude Include="Source\Resources.h" />
    <ClInclude Include="Source\Types.h" />
    <ClInclude Include="Source\JohnMesh.h" />
    <ClInclude Include="Source\Camera.h" />
    <ClInclude Include="ThirdParty\ImGui\imconfig.h" />
    <ClInclude Include="ThirdParty\ImGui\imgui.h" />
    <ClInclude Include="ThirdParty\ImGui\imgui_impl_dx11.h" />
    <ClInclude Include="ThirdParty\ImGui\imgui_impl_win32.h" />
    <ClInclude Include="ThirdParty\ImGui\imgui_internal.h" />
    <ClInclude Include="ThirdParty\ImGui\imstb_rectpack.h" />
    <ClInclude Include="ThirdParty\ImGui\imstb_textedit.h" />
    <ClInclude Include="ThirdParty\ImGui\imstb_truetype.h" />
    <ClInclude Include="Source\PointLight.h" />
    <ClInclude Include="ThirdParty\ImGuizmo\ImZoomSlider.h" />
    <ClInclude Include="ThirdParty\ImGuizmo\GraphEditor.h" />
    <ClInclude Include="ThirdParty\ImGuizmo\ImCurveEdit.h" />
    <ClInclude Include="ThirdParty\ImGuizmo\ImGradient.h" />
    <ClInclude Include="ThirdParty\ImGuizmo\ImGuizmo.h" />
    <ClInclude Include="ThirdParty\ImGuizmo\ImSequencer.h" />
    <ClInclude Include="ThirdParty\stb_image.h" />
    <ClInclude Include="Source\MouseDeltaTracker.h" />
    <ClInclude Include="Source\Image.h" />
    <ClInclude Include="Source\Material.h" />
    <ClInclude Include="Source\RenderObject.h" />
    <ClInclude Include="Source\Primitives.h" />
    <ClInclude Include="Source\JohnPrimitive.h" />
    <ClInclude Include="Source\Scene.h" />
    <ClInclude Include="ThirdParty\entt\single_include\entt\entt.hpp" />
    <ClInclude Include="Source\Entity.h" />
    <ClInclude Include="Source\Components.h" />
    <ClInclude Include="Source\SourceMesh.h" />
  </ItemGroup>
  <ItemGroup>
    <ClCompile Include="Source\pch.cpp" />
    <ClCompile Include="Source\Game.cpp" />
    <ClCompile Include="Source\Main.cpp" />
    <ClCompile Include="Source\DeviceResources.cpp">
      <Filter>Common</Filter>
    </ClCompile>
    <ClCompile Include="Source\DebugDraw.cpp" />
    <ClCompile Include="Source\RenderTexture.cpp" />
    <ClCompile Include="Source\SkyboxEffect.cpp" />
    <ClCompile Include="Source\Resources.cpp" />
    <ClCompile Include="Source\JohnMesh.cpp" />
    <ClCompile Include="Source\Camera.cpp" />
    <ClCompile Include="ThirdParty\ImGui\imgui.cpp" />
    <ClCompile Include="ThirdParty\ImGui\imgui_demo.cpp" />
    <ClCompile Include="ThirdParty\ImGui\imgui_draw.cpp" />
    <ClCompile Include="ThirdParty\ImGui\imgui_impl_dx11.cpp" />
    <ClCompile Include="ThirdParty\ImGui\imgui_impl_win32.cpp" />
    <ClCompile Include="ThirdParty\ImGui\imgui_tables.cpp" />
    <ClCompile Include="ThirdParty\ImGui\imgui_widgets.cpp" />
    <ClCompile Include="Source\PointLight.cpp" />
    <ClCompile Include="ThirdParty\ImGuizmo\GraphEditor.cpp" />
    <ClCompile Include="ThirdParty\ImGuizmo\ImCurveEdit.cpp" />
    <ClCompile Include="ThirdParty\ImGuizmo\ImGradient.cpp" />
    <ClCompile Include="ThirdParty\ImGuizmo\ImGuizmo.cpp" />
    <ClCompile Include="ThirdParty\ImGuizmo\ImSequencer.cpp" />
    <ClCompile Include="Source\MouseDeltaTracker.cpp" />
    <ClCompile Include="Source\Image.cpp" />
    <ClCompile Include="Source\Material.cpp" />
    <ClCompile Include="Source\RenderObject.cpp" />
    <ClCompile Include="Source\Primitives.cpp" />
    <ClCompile Include="Source\JohnPrimitive.cpp" />
    <ClCompile Include="Source\Scene.cpp" />
    <ClCompile Include="Source\Entity.cpp" />
    <ClCompile Include="Source\SourceMesh.cpp" />
  </ItemGroup>
  <ItemGroup>
    <ResourceCompile Include="resource.rc" />
  </ItemGroup>
  <ItemGroup>
    <Image Include="directx.ico">
      <Filter>Assets</Filter>
    </Image>
  </ItemGroup>
  <ItemGroup>
    <Manifest Include="settings.manifest">
      <Filter>Assets</Filter>
    </Manifest>
  </ItemGroup>
  <ItemGroup>
    <None Include="Shaders\SkyboxCommon.hlsli" />
  </ItemGroup>
  <ItemGroup>
    <FxCompile Include="Shaders\SkyboxPS.hlsl" />
    <FxCompile Include="Shaders\SkyboxVS.hlsl" />
    <FxCompile Include="Shaders\PBRPS.hlsl" />
    <FxCompile Include="Shaders\PBRVS.hlsl" />
  </ItemGroup>
</Project>