<?xml version="1.0" encoding="utf-8"?>
<Project ToolsVersion="4.0" xmlns="http://schemas.microsoft.com/developer/msbuild/2003">
  <ItemGroup>
    <Filter Include="Common">
      <UniqueIdentifier>056d72a6-e698-4687-bfd4-c642d37088fb</UniqueIdentifier>
    </Filter>
    <Filter Include="Assets">
      <UniqueIdentifier>7d36a72d-a607-4f40-92af-48ef9a95b8bf</UniqueIdentifier>
      <Extensions>ico;cur;bmp;dds;dlg;fbx;rct;bin;rgs;gif;jpg;jpeg;jpe;resx;tga;tiff;tif;png;wav;mfcribbon-ms</Extensions>
    </Filter>
  </ItemGroup>
  <ItemGroup>
    <ClInclude Include="Source\pch.h" />
    <ClInclude Include="Source\Game.h" />
    <ClInclude Include="Source\StepTimer.h">
      <Filter>Common</Filter>
    </ClInclude>
    <ClInclude Include="Source\DeviceResources.h">
      <Filter>Common</Filter>
    </ClInclude>
    <ClInclude Include="Source\JohnMesh.h" />
    <ClInclude Include="Source\Utilities.h" />
    <ClInclude Include="Source\Types.h" />
    <ClInclude Include="ThirdParty\ImGui\imstb_textedit.h" />
    <ClInclude Include="ThirdParty\ImGui\imstb_rectpack.h" />
    <ClInclude Include="ThirdParty\ImGui\imgui_internal.h" />
    <ClInclude Include="ThirdParty\ImGui\imgui_impl_win32.h" />
    <ClInclude Include="ThirdParty\ImGui\imgui_impl_dx11.h" />
    <ClInclude Include="ThirdParty\ImGui\imgui.h" />
    <ClInclude Include="ThirdParty\ImGui\imconfig.h" />
    <ClInclude Include="Source\stb_image.h" />
  </ItemGroup>
  <ItemGroup>
    <ClCompile Include="Source\pch.cpp" />
    <ClCompile Include="Source\Game.cpp" />
    <ClCompile Include="Source\Main.cpp" />
    <ClCompile Include="Source\DeviceResources.cpp">
      <Filter>Common</Filter>
    </ClCompile>
    <ClCompile Include="Source\JohnMesh.cpp" />
    <ClCompile Include="Source\Utilities.cpp" />
    <ClCompile Include="ThirdParty\ImGui\imgui_impl_win32.cpp" />
    <ClCompile Include="ThirdParty\ImGui\imgui_widgets.cpp" />
    <ClCompile Include="ThirdParty\ImGui\imgui_impl_dx11.cpp" />
    <ClCompile Include="ThirdParty\ImGui\imgui_demo.cpp" />
    <ClCompile Include="ThirdParty\ImGui\imgui.cpp" />
    <ClCompile Include="ThirdParty\ImGui\imgui_tables.cpp" />
    <ClCompile Include="ThirdParty\ImGui\imgui_draw.cpp" />
  </ItemGroup>
  <ItemGroup>
    <ResourceCompile Include="resource.rc" />
  </ItemGroup>
  <ItemGroup>
    <Image Include="directx.ico">
      <Filter>Assets</Filter>
    </Image>
  </ItemGroup>
  <ItemGroup>
    <Manifest Include="settings.manifest">
      <Filter>Assets</Filter>
    </Manifest>
  </ItemGroup>
  <ItemGroup>
    <None Include="packages.config" />
    <None Include="Shaders\PhongCommon.hlsli" />
  </ItemGroup>
  <ItemGroup>
    <FxCompile Include="Shaders\PhongVS.hlsl" />
    <FxCompile Include="Shaders\PhongPS.hlsl" />
  </ItemGroup>
</Project>